# This file is automatically @generated by Cargo.
# It is not intended for manual editing.
version = 3

[[package]]
name = "connect-4"
version = "0.1.0"
dependencies = [
 "multizip",
]

[[package]]
name = "multizip"
version = "0.1.0"
source = "registry+https://github.com/rust-lang/crates.io-index"
checksum = "a1fe13b118613c2f83085b3d0957ac6c4f1039270d8dd732285a948c280cb95e"
